
Microsoft Visual Studio Solution File, Format Version 12.00
# Visual Studio Version 17
VisualStudioVersion = 17.2.32616.157
MinimumVisualStudioVersion = 10.0.40219.1
Project("{FAE04EC0-301F-11D3-BF4B-00C04F79EFBC}") = "net_node", "net_node\net_node.csproj", "{4FDA1B52-BC9D-4CCD-A188-C4924EE954BB}"
EndProject
Global
	GlobalSection(SolutionConfigurationPlatforms) = preSolution
		Debug|Any CPU = Debug|Any CPU
		Release|Any CPU = Release|Any CPU
	EndGlobalSection
	GlobalSection(ProjectConfigurationPlatforms) = postSolution
		{4FDA1B52-BC9D-4CCD-A188-C4924EE954BB}.Debug|Any CPU.ActiveCfg = Debug|Any CPU
		{4FDA1B52-BC9D-4CCD-A188-C4924EE954BB}.Debug|Any CPU.Build.0 = Debug|Any CPU
		{4FDA1B52-BC9D-4CCD-A188-C4924EE954BB}.Release|Any CPU.ActiveCfg = Release|Any CPU
		{4FDA1B52-BC9D-4CCD-A188-C4924EE954BB}.Release|Any CPU.Build.0 = Release|Any CPU
	EndGlobalSection
	GlobalSection(SolutionProperties) = preSolution
		HideSolutionNode = FALSE
	EndGlobalSection
	GlobalSection(ExtensibilityGlobals) = postSolution
		SolutionGuid = {F67DEF09-DAA4-4A7B-B151-8CBD02821FB4}
	EndGlobalSection
EndGlobal
